
Microsoft Visual Studio Solution File, Format Version 12.00
# Visual Studio Version 17
VisualStudioVersion = 17.12.35707.178
MinimumVisualStudioVersion = 10.0.40219.1
Project("{FAE04EC0-301F-11D3-BF4B-00C04F79EFBC}") = "Bai03", "Bai03\Bai03.csproj", "{17F835E2-913C-4EB5-8005-7ADE13592976}"
EndProject
Project("{FAE04EC0-301F-11D3-BF4B-00C04F79EFBC}") = "Bai01", "Bai01\Bai01.csproj", "{1ACC9DAC-F6D5-44C1-8EF6-A2CDAB9E0D4D}"
EndProject
Project("{FAE04EC0-301F-11D3-BF4B-00C04F79EFBC}") = "Bai02", "Bai02\Bai02.csproj", "{1B235F9F-56D1-414F-9A73-31B5E1523EBC}"
EndProject
Project("{FAE04EC0-301F-11D3-BF4B-00C04F79EFBC}") = "Bai04", "Bai04\Bai04.csproj", "{799F6F1A-EC9E-4EC5-9FD8-D377AE123893}"
EndProject
Project("{FAE04EC0-301F-11D3-BF4B-00C04F79EFBC}") = "Bai05", "Bai05\Bai05.csproj", "{09A03770-B070-46CB-9124-405FB7F415E4}"
EndProject
Project("{FAE04EC0-301F-11D3-BF4B-00C04F79EFBC}") = "Bai06", "Bai06\Bai06.csproj", "{4CC3F4E5-7EC9-4889-9B72-015911E1CFE3}"
EndProject
Project("{FAE04EC0-301F-11D3-BF4B-00C04F79EFBC}") = "Bai07", "Bai07\Bai07.csproj", "{3FFAA603-32DE-40FE-8804-144E336603D5}"
EndProject
Project("{FAE04EC0-301F-11D3-BF4B-00C04F79EFBC}") = "Bai08", "Bai08\Bai08.csproj", "{2DD6F834-7A9E-43AD-BF3A-4D73165C1732}"
EndProject
Project("{FAE04EC0-301F-11D3-BF4B-00C04F79EFBC}") = "Bai09", "Bai09\Bai09.csproj", "{0BB864C6-E2E7-4DD5-B09C-339101408367}"
EndProject
Global
	GlobalSection(SolutionConfigurationPlatforms) = preSolution
		Debug|Any CPU = Debug|Any CPU
		Release|Any CPU = Release|Any CPU
	EndGlobalSection
	GlobalSection(ProjectConfigurationPlatforms) = postSolution
		{17F835E2-913C-4EB5-8005-7ADE13592976}.Debug|Any CPU.ActiveCfg = Debug|Any CPU
		{17F835E2-913C-4EB5-8005-7ADE13592976}.Debug|Any CPU.Build.0 = Debug|Any CPU
		{17F835E2-913C-4EB5-8005-7ADE13592976}.Release|Any CPU.ActiveCfg = Release|Any CPU
		{17F835E2-913C-4EB5-8005-7ADE13592976}.Release|Any CPU.Build.0 = Release|Any CPU
		{1ACC9DAC-F6D5-44C1-8EF6-A2CDAB9E0D4D}.Debug|Any CPU.ActiveCfg = Debug|Any CPU
		{1ACC9DAC-F6D5-44C1-8EF6-A2CDAB9E0D4D}.Debug|Any CPU.Build.0 = Debug|Any CPU
		{1ACC9DAC-F6D5-44C1-8EF6-A2CDAB9E0D4D}.Release|Any CPU.ActiveCfg = Release|Any CPU
		{1ACC9DAC-F6D5-44C1-8EF6-A2CDAB9E0D4D}.Release|Any CPU.Build.0 = Release|Any CPU
		{1B235F9F-56D1-414F-9A73-31B5E1523EBC}.Debug|Any CPU.ActiveCfg = Debug|Any CPU
		{1B235F9F-56D1-414F-9A73-31B5E1523EBC}.Debug|Any CPU.Build.0 = Debug|Any CPU
		{1B235F9F-56D1-414F-9A73-31B5E1523EBC}.Release|Any CPU.ActiveCfg = Release|Any CPU
		{1B235F9F-56D1-414F-9A73-31B5E1523EBC}.Release|Any CPU.Build.0 = Release|Any CPU
		{799F6F1A-EC9E-4EC5-9FD8-D377AE123893}.Debug|Any CPU.ActiveCfg = Debug|Any CPU
		{799F6F1A-EC9E-4EC5-9FD8-D377AE123893}.Debug|Any CPU.Build.0 = Debug|Any CPU
		{799F6F1A-EC9E-4EC5-9FD8-D377AE123893}.Release|Any CPU.ActiveCfg = Release|Any CPU
		{799F6F1A-EC9E-4EC5-9FD8-D377AE123893}.Release|Any CPU.Build.0 = Release|Any CPU
		{09A03770-B070-46CB-9124-405FB7F415E4}.Debug|Any CPU.ActiveCfg = Debug|Any CPU
		{09A03770-B070-46CB-9124-405FB7F415E4}.Debug|Any CPU.Build.0 = Debug|Any CPU
		{09A03770-B070-46CB-9124-405FB7F415E4}.Release|Any CPU.ActiveCfg = Release|Any CPU
		{09A03770-B070-46CB-9124-405FB7F415E4}.Release|Any CPU.Build.0 = Release|Any CPU
		{4CC3F4E5-7EC9-4889-9B72-015911E1CFE3}.Debug|Any CPU.ActiveCfg = Debug|Any CPU
		{4CC3F4E5-7EC9-4889-9B72-015911E1CFE3}.Debug|Any CPU.Build.0 = Debug|Any CPU
		{4CC3F4E5-7EC9-4889-9B72-015911E1CFE3}.Release|Any CPU.ActiveCfg = Release|Any CPU
		{4CC3F4E5-7EC9-4889-9B72-015911E1CFE3}.Release|Any CPU.Build.0 = Release|Any CPU
		{3FFAA603-32DE-40FE-8804-144E336603D5}.Debug|Any CPU.ActiveCfg = Debug|Any CPU
		{3FFAA603-32DE-40FE-8804-144E336603D5}.Debug|Any CPU.Build.0 = Debug|Any CPU
		{3FFAA603-32DE-40FE-8804-144E336603D5}.Release|Any CPU.ActiveCfg = Release|Any CPU
		{3FFAA603-32DE-40FE-8804-144E336603D5}.Release|Any CPU.Build.0 = Release|Any CPU
		{2DD6F834-7A9E-43AD-BF3A-4D73165C1732}.Debug|Any CPU.ActiveCfg = Debug|Any CPU
		{2DD6F834-7A9E-43AD-BF3A-4D73165C1732}.Debug|Any CPU.Build.0 = Debug|Any CPU
		{2DD6F834-7A9E-43AD-BF3A-4D73165C1732}.Release|Any CPU.ActiveCfg = Release|Any CPU
		{2DD6F834-7A9E-43AD-BF3A-4D73165C1732}.Release|Any CPU.Build.0 = Release|Any CPU
		{0BB864C6-E2E7-4DD5-B09C-339101408367}.Debug|Any CPU.ActiveCfg = Debug|Any CPU
		{0BB864C6-E2E7-4DD5-B09C-339101408367}.Debug|Any CPU.Build.0 = Debug|Any CPU
		{0BB864C6-E2E7-4DD5-B09C-339101408367}.Release|Any CPU.ActiveCfg = Release|Any CPU
		{0BB864C6-E2E7-4DD5-B09C-339101408367}.Release|Any CPU.Build.0 = Release|Any CPU
	EndGlobalSection
	GlobalSection(SolutionProperties) = preSolution
		HideSolutionNode = FALSE
	EndGlobalSection
EndGlobal
